
Microsoft Visual Studio Solution File, Format Version 12.00
# Visual Studio Version 17
VisualStudioVersion = 17.3.32929.385
MinimumVisualStudioVersion = 10.0.40219.1
Project("{FAE04EC0-301F-11D3-BF4B-00C04F79EFBC}") = "HastaneProje", "HastaneProje\HastaneProje.csproj", "{952DEF0F-E7DE-438B-8C60-15047F83115E}"
EndProject
Global
	GlobalSection(SolutionConfigurationPlatforms) = preSolution
		Debug|Any CPU = Debug|Any CPU
		Release|Any CPU = Release|Any CPU
	EndGlobalSection
	GlobalSection(ProjectConfigurationPlatforms) = postSolution
		{952DEF0F-E7DE-438B-8C60-15047F83115E}.Debug|Any CPU.ActiveCfg = Debug|Any CPU
		{952DEF0F-E7DE-438B-8C60-15047F83115E}.Debug|Any CPU.Build.0 = Debug|Any CPU
		{952DEF0F-E7DE-438B-8C60-15047F83115E}.Release|Any CPU.ActiveCfg = Release|Any CPU
		{952DEF0F-E7DE-438B-8C60-15047F83115E}.Release|Any CPU.Build.0 = Release|Any CPU
	EndGlobalSection
	GlobalSection(SolutionProperties) = preSolution
		HideSolutionNode = FALSE
	EndGlobalSection
	GlobalSection(ExtensibilityGlobals) = postSolution
		SolutionGuid = {EBBEE71A-2DE4-406B-AD67-AEE25235298E}
	EndGlobalSection
EndGlobal
